
Microsoft Visual Studio Solution File, Format Version 12.00
# Visual Studio Version 16
VisualStudioVersion = 16.0.28729.10
MinimumVisualStudioVersion = 10.0.40219.1
Project("{FAE04EC0-301F-11D3-BF4B-00C04F79EFBC}") = "WFA.PhoneBook", "WFA.PhoneBook\WFA.PhoneBook.csproj", "{6576BE67-AD1C-425B-B99C-5C61BDC5CD95}"
EndProject
Global
	GlobalSection(SolutionConfigurationPlatforms) = preSolution
		Debug|Any CPU = Debug|Any CPU
		Release|Any CPU = Release|Any CPU
	EndGlobalSection
	GlobalSection(ProjectConfigurationPlatforms) = postSolution
		{6576BE67-AD1C-425B-B99C-5C61BDC5CD95}.Debug|Any CPU.ActiveCfg = Debug|Any CPU
		{6576BE67-AD1C-425B-B99C-5C61BDC5CD95}.Debug|Any CPU.Build.0 = Debug|Any CPU
		{6576BE67-AD1C-425B-B99C-5C61BDC5CD95}.Release|Any CPU.ActiveCfg = Release|Any CPU
		{6576BE67-AD1C-425B-B99C-5C61BDC5CD95}.Release|Any CPU.Build.0 = Release|Any CPU
	EndGlobalSection
	GlobalSection(SolutionProperties) = preSolution
		HideSolutionNode = FALSE
	EndGlobalSection
	GlobalSection(ExtensibilityGlobals) = postSolution
		SolutionGuid = {44406AC2-9249-42B0-8B1A-92BC11B03DB5}
	EndGlobalSection
EndGlobal
